{
  "name": "@mason/vim-language-server",
  "version": "1.0.0",
  "lockfileVersion": 3,
  "requires": true,
  "packages": {
    "": {
      "name": "@mason/vim-language-server",
      "version": "1.0.0",
      "license": "ISC",
      "dependencies": {
        "vim-language-server": "^2.3.1"
      }
    },
    "node_modules/vim-language-server": {
      "version": "2.3.1",
      "resolved": "https://registry.npmjs.org/vim-language-server/-/vim-language-server-2.3.1.tgz",
      "integrity": "sha512-Y9Zy3NKzfndLUfuZRrITkpfGvpL2K7hNPV8sJ1iB6mf1YRxIX3Hs6lwZimoD5pmvamUaOQhNGYMS/Ox9itzA4Q==",
      "bin": {
        "vim-language-server": "bin/index.js"
      }
    }
  }
}
