{
  "name": "@mason/tailwindcss-language-server",
  "version": "1.0.0",
  "lockfileVersion": 3,
  "requires": true,
  "packages": {
    "": {
      "name": "@mason/tailwindcss-language-server",
      "version": "1.0.0",
      "license": "ISC",
      "dependencies": {
        "@tailwindcss/language-server": "^0.0.13"
      }
    },
    "node_modules/@tailwindcss/language-server": {
      "version": "0.0.13",
      "resolved": "https://registry.npmjs.org/@tailwindcss/language-server/-/language-server-0.0.13.tgz",
      "integrity": "sha512-C5OKPG8F6IiSbiEgXMxskMsOnbzSGnZvKBxEGHUhBGIB/tlX5rc7Iv/prdwYrUj2Swhjj5TrXuxZgACo+blB4A==",
      "bin": {
        "tailwindcss-language-server": "bin/tailwindcss-language-server"
      }
    }
  }
}
